
Microsoft Visual Studio Solution File, Format Version 12.00
# Visual Studio 15
VisualStudioVersion = 15.0.28307.779
MinimumVisualStudioVersion = 10.0.40219.1
Project("{9A19103F-16F7-4668-BE54-9A1E7A4F7556}") = "FreeSmokyMarket", "FreeSmokyMarket\FreeSmokyMarket.csproj", "{8F2DF5A0-63F4-4DC8-8403-0024262FCEA5}"
EndProject
Project("{9A19103F-16F7-4668-BE54-9A1E7A4F7556}") = "FreeSmokyMarket.Data", "FreeSmokyMarket.Data\FreeSmokyMarket.Data.csproj", "{CFBD8C14-549C-4AF7-99B4-48E14E836FA9}"
EndProject
Project("{9A19103F-16F7-4668-BE54-9A1E7A4F7556}") = "FreeSmokyMarket.EF", "FreeSmokyMarket.EF\FreeSmokyMarket.EF.csproj", "{6A48F797-4F18-4095-B411-4C20D0DAA641}"
EndProject
Project("{9A19103F-16F7-4668-BE54-9A1E7A4F7556}") = "FreeSmokyMarket.Infrastructure", "FreeSmokyMarket.Infrastructure\FreeSmokyMarket.Infrastructure.csproj", "{ACF73914-97BB-45F5-9158-90C70578DC27}"
EndProject
Project("{FAE04EC0-301F-11D3-BF4B-00C04F79EFBC}") = "FreeSmokyMarket.Domain", "FreeSmokyMarket.Domain\FreeSmokyMarket.Domain.csproj", "{DD103613-6556-41AC-B53D-9C0E9AC167B6}"
EndProject
Global
	GlobalSection(SolutionConfigurationPlatforms) = preSolution
		Debug|Any CPU = Debug|Any CPU
		Release|Any CPU = Release|Any CPU
	EndGlobalSection
	GlobalSection(ProjectConfigurationPlatforms) = postSolution
		{8F2DF5A0-63F4-4DC8-8403-0024262FCEA5}.Debug|Any CPU.ActiveCfg = Debug|Any CPU
		{8F2DF5A0-63F4-4DC8-8403-0024262FCEA5}.Debug|Any CPU.Build.0 = Debug|Any CPU
		{8F2DF5A0-63F4-4DC8-8403-0024262FCEA5}.Release|Any CPU.ActiveCfg = Release|Any CPU
		{8F2DF5A0-63F4-4DC8-8403-0024262FCEA5}.Release|Any CPU.Build.0 = Release|Any CPU
		{CFBD8C14-549C-4AF7-99B4-48E14E836FA9}.Debug|Any CPU.ActiveCfg = Debug|Any CPU
		{CFBD8C14-549C-4AF7-99B4-48E14E836FA9}.Debug|Any CPU.Build.0 = Debug|Any CPU
		{CFBD8C14-549C-4AF7-99B4-48E14E836FA9}.Release|Any CPU.ActiveCfg = Release|Any CPU
		{CFBD8C14-549C-4AF7-99B4-48E14E836FA9}.Release|Any CPU.Build.0 = Release|Any CPU
		{6A48F797-4F18-4095-B411-4C20D0DAA641}.Debug|Any CPU.ActiveCfg = Debug|Any CPU
		{6A48F797-4F18-4095-B411-4C20D0DAA641}.Debug|Any CPU.Build.0 = Debug|Any CPU
		{6A48F797-4F18-4095-B411-4C20D0DAA641}.Release|Any CPU.ActiveCfg = Release|Any CPU
		{6A48F797-4F18-4095-B411-4C20D0DAA641}.Release|Any CPU.Build.0 = Release|Any CPU
		{ACF73914-97BB-45F5-9158-90C70578DC27}.Debug|Any CPU.ActiveCfg = Debug|Any CPU
		{ACF73914-97BB-45F5-9158-90C70578DC27}.Debug|Any CPU.Build.0 = Debug|Any CPU
		{ACF73914-97BB-45F5-9158-90C70578DC27}.Release|Any CPU.ActiveCfg = Release|Any CPU
		{ACF73914-97BB-45F5-9158-90C70578DC27}.Release|Any CPU.Build.0 = Release|Any CPU
		{DD103613-6556-41AC-B53D-9C0E9AC167B6}.Debug|Any CPU.ActiveCfg = Debug|Any CPU
		{DD103613-6556-41AC-B53D-9C0E9AC167B6}.Debug|Any CPU.Build.0 = Debug|Any CPU
		{DD103613-6556-41AC-B53D-9C0E9AC167B6}.Release|Any CPU.ActiveCfg = Release|Any CPU
		{DD103613-6556-41AC-B53D-9C0E9AC167B6}.Release|Any CPU.Build.0 = Release|Any CPU
	EndGlobalSection
	GlobalSection(SolutionProperties) = preSolution
		HideSolutionNode = FALSE
	EndGlobalSection
	GlobalSection(ExtensibilityGlobals) = postSolution
		SolutionGuid = {B0F68975-FB95-4EB2-ABB5-CFCA432EEDB2}
	EndGlobalSection
EndGlobal
